
Microsoft Visual Studio Solution File, Format Version 12.00
# Visual Studio Version 16
VisualStudioVersion = 16.0.30204.135
MinimumVisualStudioVersion = 10.0.40219.1
Project("{9A19103F-16F7-4668-BE54-9A1E7A4F7556}") = "3dIntiriorClients", "3dIntiriorClients.csproj", "{4EC60B63-C46F-4828-900D-619B29EA835D}"
EndProject
Global
	GlobalSection(SolutionConfigurationPlatforms) = preSolution
		Debug|Any CPU = Debug|Any CPU
		Release|Any CPU = Release|Any CPU
	EndGlobalSection
	GlobalSection(ProjectConfigurationPlatforms) = postSolution
		{4EC60B63-C46F-4828-900D-619B29EA835D}.Debug|Any CPU.ActiveCfg = Debug|Any CPU
		{4EC60B63-C46F-4828-900D-619B29EA835D}.Debug|Any CPU.Build.0 = Debug|Any CPU
		{4EC60B63-C46F-4828-900D-619B29EA835D}.Release|Any CPU.ActiveCfg = Release|Any CPU
		{4EC60B63-C46F-4828-900D-619B29EA835D}.Release|Any CPU.Build.0 = Release|Any CPU
	EndGlobalSection
	GlobalSection(SolutionProperties) = preSolution
		HideSolutionNode = FALSE
	EndGlobalSection
	GlobalSection(ExtensibilityGlobals) = postSolution
		SolutionGuid = {5F7619C2-B486-482D-B7EB-4B1FA0C75AB8}
	EndGlobalSection
EndGlobal
